
Microsoft Visual Studio Solution File, Format Version 12.00
# Visual Studio 15
VisualStudioVersion = 15.0.27703.2047
MinimumVisualStudioVersion = 10.0.40219.1
Project("{FAE04EC0-301F-11D3-BF4B-00C04F79EFBC}") = "AccountAPI", "AccountAPI\AccountAPI.csproj", "{9930B424-7921-400F-8DFD-53972F9E8CF1}"
EndProject
Global
	GlobalSection(SolutionConfigurationPlatforms) = preSolution
		Debug|Any CPU = Debug|Any CPU
		Release|Any CPU = Release|Any CPU
	EndGlobalSection
	GlobalSection(ProjectConfigurationPlatforms) = postSolution
		{9930B424-7921-400F-8DFD-53972F9E8CF1}.Debug|Any CPU.ActiveCfg = Debug|Any CPU
		{9930B424-7921-400F-8DFD-53972F9E8CF1}.Debug|Any CPU.Build.0 = Debug|Any CPU
		{9930B424-7921-400F-8DFD-53972F9E8CF1}.Release|Any CPU.ActiveCfg = Release|Any CPU
		{9930B424-7921-400F-8DFD-53972F9E8CF1}.Release|Any CPU.Build.0 = Release|Any CPU
	EndGlobalSection
	GlobalSection(SolutionProperties) = preSolution
		HideSolutionNode = FALSE
	EndGlobalSection
	GlobalSection(ExtensibilityGlobals) = postSolution
		SolutionGuid = {A5A45B2A-F571-411D-99C1-771B44C0387D}
	EndGlobalSection
EndGlobal
